
Microsoft Visual Studio Solution File, Format Version 12.00
# Visual Studio Version 17
VisualStudioVersion = 17.3.32819.101
MinimumVisualStudioVersion = 10.0.40219.1
Project("{FAE04EC0-301F-11D3-BF4B-00C04F79EFBC}") = "kap2_uppgift2._11", "kap2_uppgift2._11\kap2_uppgift2._11.csproj", "{68964CC2-361E-4825-858A-38C76146ADE5}"
EndProject
Global
	GlobalSection(SolutionConfigurationPlatforms) = preSolution
		Debug|Any CPU = Debug|Any CPU
		Release|Any CPU = Release|Any CPU
	EndGlobalSection
	GlobalSection(ProjectConfigurationPlatforms) = postSolution
		{68964CC2-361E-4825-858A-38C76146ADE5}.Debug|Any CPU.ActiveCfg = Debug|Any CPU
		{68964CC2-361E-4825-858A-38C76146ADE5}.Debug|Any CPU.Build.0 = Debug|Any CPU
		{68964CC2-361E-4825-858A-38C76146ADE5}.Release|Any CPU.ActiveCfg = Release|Any CPU
		{68964CC2-361E-4825-858A-38C76146ADE5}.Release|Any CPU.Build.0 = Release|Any CPU
	EndGlobalSection
	GlobalSection(SolutionProperties) = preSolution
		HideSolutionNode = FALSE
	EndGlobalSection
	GlobalSection(ExtensibilityGlobals) = postSolution
		SolutionGuid = {B30A1F71-FB5D-4396-9879-9B31B35C3E09}
	EndGlobalSection
EndGlobal
